
Microsoft Visual Studio Solution File, Format Version 12.00
# Visual Studio Version 17
VisualStudioVersion = 17.5.33627.172
MinimumVisualStudioVersion = 10.0.40219.1
Project("{2150E333-8FDC-42A3-9474-1A3956D46DE8}") = "Services", "Services", "{D5640E3C-59BF-49DA-9B53-AA8AA0571E19}"
EndProject
Project("{2150E333-8FDC-42A3-9474-1A3956D46DE8}") = "Catalog", "Catalog", "{261DFEC0-2C41-482C-B522-B1BFCF4A1F6F}"
EndProject
Project("{9A19103F-16F7-4668-BE54-9A1E7A4F7556}") = "Catalog.API", "Services\Catalog\Catalog.API\Catalog.API.csproj", "{B5889CF5-AE4A-4708-AFA5-E0B9869BC127}"
EndProject
Project("{E53339B2-1760-4266-BCC7-CA923CBCF16C}") = "docker-compose", "docker-compose.dcproj", "{A4DD92D8-7A81-4204-90AA-61D356F2A10B}"
EndProject
Project("{2150E333-8FDC-42A3-9474-1A3956D46DE8}") = "Basket", "Basket", "{255D8832-132B-4AF0-8C0E-60BAD8B15B01}"
EndProject
Project("{9A19103F-16F7-4668-BE54-9A1E7A4F7556}") = "Basket.API", "Services\Basket\Basket.API\Basket.API.csproj", "{EDEB14A8-72FD-4BD5-9955-A0F87F85FCE2}"
EndProject
Project("{2150E333-8FDC-42A3-9474-1A3956D46DE8}") = "Discount", "Discount", "{9841F8FF-DFEA-41C9-971B-423D201E6374}"
EndProject
Project("{FAE04EC0-301F-11D3-BF4B-00C04F79EFBC}") = "Discount.API", "Services\Discount\Discount.API\Discount.API.csproj", "{011EE9B8-2184-4483-A762-413DC1BE1B41}"
EndProject
Global
	GlobalSection(SolutionConfigurationPlatforms) = preSolution
		Debug|Any CPU = Debug|Any CPU
		Release|Any CPU = Release|Any CPU
	EndGlobalSection
	GlobalSection(ProjectConfigurationPlatforms) = postSolution
		{B5889CF5-AE4A-4708-AFA5-E0B9869BC127}.Debug|Any CPU.ActiveCfg = Debug|Any CPU
		{B5889CF5-AE4A-4708-AFA5-E0B9869BC127}.Debug|Any CPU.Build.0 = Debug|Any CPU
		{B5889CF5-AE4A-4708-AFA5-E0B9869BC127}.Release|Any CPU.ActiveCfg = Release|Any CPU
		{B5889CF5-AE4A-4708-AFA5-E0B9869BC127}.Release|Any CPU.Build.0 = Release|Any CPU
		{A4DD92D8-7A81-4204-90AA-61D356F2A10B}.Debug|Any CPU.ActiveCfg = Debug|Any CPU
		{A4DD92D8-7A81-4204-90AA-61D356F2A10B}.Debug|Any CPU.Build.0 = Debug|Any CPU
		{A4DD92D8-7A81-4204-90AA-61D356F2A10B}.Release|Any CPU.ActiveCfg = Release|Any CPU
		{A4DD92D8-7A81-4204-90AA-61D356F2A10B}.Release|Any CPU.Build.0 = Release|Any CPU
		{EDEB14A8-72FD-4BD5-9955-A0F87F85FCE2}.Debug|Any CPU.ActiveCfg = Debug|Any CPU
		{EDEB14A8-72FD-4BD5-9955-A0F87F85FCE2}.Debug|Any CPU.Build.0 = Debug|Any CPU
		{EDEB14A8-72FD-4BD5-9955-A0F87F85FCE2}.Release|Any CPU.ActiveCfg = Release|Any CPU
		{EDEB14A8-72FD-4BD5-9955-A0F87F85FCE2}.Release|Any CPU.Build.0 = Release|Any CPU
		{011EE9B8-2184-4483-A762-413DC1BE1B41}.Debug|Any CPU.ActiveCfg = Debug|Any CPU
		{011EE9B8-2184-4483-A762-413DC1BE1B41}.Debug|Any CPU.Build.0 = Debug|Any CPU
		{011EE9B8-2184-4483-A762-413DC1BE1B41}.Release|Any CPU.ActiveCfg = Release|Any CPU
		{011EE9B8-2184-4483-A762-413DC1BE1B41}.Release|Any CPU.Build.0 = Release|Any CPU
	EndGlobalSection
	GlobalSection(SolutionProperties) = preSolution
		HideSolutionNode = FALSE
	EndGlobalSection
	GlobalSection(NestedProjects) = preSolution
		{261DFEC0-2C41-482C-B522-B1BFCF4A1F6F} = {D5640E3C-59BF-49DA-9B53-AA8AA0571E19}
		{B5889CF5-AE4A-4708-AFA5-E0B9869BC127} = {261DFEC0-2C41-482C-B522-B1BFCF4A1F6F}
		{255D8832-132B-4AF0-8C0E-60BAD8B15B01} = {D5640E3C-59BF-49DA-9B53-AA8AA0571E19}
		{EDEB14A8-72FD-4BD5-9955-A0F87F85FCE2} = {255D8832-132B-4AF0-8C0E-60BAD8B15B01}
		{9841F8FF-DFEA-41C9-971B-423D201E6374} = {D5640E3C-59BF-49DA-9B53-AA8AA0571E19}
		{011EE9B8-2184-4483-A762-413DC1BE1B41} = {9841F8FF-DFEA-41C9-971B-423D201E6374}
	EndGlobalSection
	GlobalSection(ExtensibilityGlobals) = postSolution
		SolutionGuid = {7FC1A25E-0F7C-44C6-850D-61F114A2C266}
	EndGlobalSection
EndGlobal
